// !$*UTF8*$!
{
	archiveVersion = 1;
	classes = {
	};
	objectVersion = 77;
	objects = {

/* Begin PBXBuildFile section */
		20588BB71B1208534673C561 /* TimerState.swift in Sources */ = {isa = PBXBuildFile; fileRef = 938EDCD7DB26774AE0CA6272 /* TimerState.swift */; };
		A5BA01720A8093C0D7199AA1 /* Session.swift in Sources */ = {isa = PBXBuildFile; fileRef = ABB93E33D4383D4CA0CA9242 /* Session.swift */; };
		B529869B388744EA9AE0C2F9 /* TimerDisplayView.swift in Sources */ = {isa = PBXBuildFile; fileRef = 1B5F156202761C5D9831B7E5 /* TimerDisplayView.swift */; };
		B7B7BB5782B5019ADCF6E289 /* ControlButtonsView.swift in Sources */ = {isa = PBXBuildFile; fileRef = 437498CE2A3B1879310525BE /* ControlButtonsView.swift */; };
		BC7360998E1C790E3B83B090 /* PomodoroTimerApp.swift in Sources */ = {isa = PBXBuildFile; fileRef = B52FC923A390609C4DF94B1A /* PomodoroTimerApp.swift */; };
		C007C3B0CF881763552ED10B /* TimerPopoverView.swift in Sources */ = {isa = PBXBuildFile; fileRef = 92503A0445EF073AEB1538C7 /* TimerPopoverView.swift */; };
		D0A195C2BE611CC517E7465B /* TimeFormatting.swift in Sources */ = {isa = PBXBuildFile; fileRef = F0E6CD7864B78D4CA1280D0F /* TimeFormatting.swift */; };
		FE4EBF51A75F0C53B68635B2 /* TimerModel.swift in Sources */ = {isa = PBXBuildFile; fileRef = EFC7E9EB0B3A88160DE77EDE /* TimerModel.swift */; };
/* End PBXBuildFile section */

/* Begin PBXFileReference section */
		1B5F156202761C5D9831B7E5 /* TimerDisplayView.swift */ = {isa = PBXFileReference; lastKnownFileType = sourcecode.swift; path = TimerDisplayView.swift; sourceTree = "<group>"; };
		437498CE2A3B1879310525BE /* ControlButtonsView.swift */ = {isa = PBXFileReference; lastKnownFileType = sourcecode.swift; path = ControlButtonsView.swift; sourceTree = "<group>"; };
		60B8AE631139AB953E8D1219 /* PomodoroTimer.entitlements */ = {isa = PBXFileReference; lastKnownFileType = text.plist.entitlements; path = PomodoroTimer.entitlements; sourceTree = "<group>"; };
		8D4121038FE7FCFC70424658 /* PomodoroTimer.app */ = {isa = PBXFileReference; explicitFileType = wrapper.application; includeInIndex = 0; path = PomodoroTimer.app; sourceTree = BUILT_PRODUCTS_DIR; };
		92503A0445EF073AEB1538C7 /* TimerPopoverView.swift */ = {isa = PBXFileReference; lastKnownFileType = sourcecode.swift; path = TimerPopoverView.swift; sourceTree = "<group>"; };
		938EDCD7DB26774AE0CA6272 /* TimerState.swift */ = {isa = PBXFileReference; lastKnownFileType = sourcecode.swift; path = TimerState.swift; sourceTree = "<group>"; };
		ABB93E33D4383D4CA0CA9242 /* Session.swift */ = {isa = PBXFileReference; lastKnownFileType = sourcecode.swift; path = Session.swift; sourceTree = "<group>"; };
		B52FC923A390609C4DF94B1A /* PomodoroTimerApp.swift */ = {isa = PBXFileReference; lastKnownFileType = sourcecode.swift; path = PomodoroTimerApp.swift; sourceTree = "<group>"; };
		EFC7E9EB0B3A88160DE77EDE /* TimerModel.swift */ = {isa = PBXFileReference; lastKnownFileType = sourcecode.swift; path = TimerModel.swift; sourceTree = "<group>"; };
		F0E6CD7864B78D4CA1280D0F /* TimeFormatting.swift */ = {isa = PBXFileReference; lastKnownFileType = sourcecode.swift; path = TimeFormatting.swift; sourceTree = "<group>"; };
/* End PBXFileReference section */

/* Begin PBXGroup section */
		3314909FD17F3B348B8640F9 /* Views */ = {
			isa = PBXGroup;
			children = (
				437498CE2A3B1879310525BE /* ControlButtonsView.swift */,
				1B5F156202761C5D9831B7E5 /* TimerDisplayView.swift */,
				92503A0445EF073AEB1538C7 /* TimerPopoverView.swift */,
			);
			path = Views;
			sourceTree = "<group>";
		};
		84E8FF6B15CE267E9E192C55 /* Models */ = {
			isa = PBXGroup;
			children = (
				ABB93E33D4383D4CA0CA9242 /* Session.swift */,
				EFC7E9EB0B3A88160DE77EDE /* TimerModel.swift */,
				938EDCD7DB26774AE0CA6272 /* TimerState.swift */,
			);
			path = Models;
			sourceTree = "<group>";
		};
		B1509D76AE97DD1E3BC56FDF = {
			isa = PBXGroup;
			children = (
				FF15F70EE610326A48CE557A /* PomodoroTimer */,
				D6B2FA9B2D5E2146A749E2DD /* Products */,
			);
			sourceTree = "<group>";
		};
		D6B2FA9B2D5E2146A749E2DD /* Products */ = {
			isa = PBXGroup;
			children = (
				8D4121038FE7FCFC70424658 /* PomodoroTimer.app */,
			);
			name = Products;
			sourceTree = "<group>";
		};
		F645EF7788EA8B3CD6534BA8 /* Utilities */ = {
			isa = PBXGroup;
			children = (
				F0E6CD7864B78D4CA1280D0F /* TimeFormatting.swift */,
			);
			path = Utilities;
			sourceTree = "<group>";
		};
		FF15F70EE610326A48CE557A /* PomodoroTimer */ = {
			isa = PBXGroup;
			children = (
				60B8AE631139AB953E8D1219 /* PomodoroTimer.entitlements */,
				B52FC923A390609C4DF94B1A /* PomodoroTimerApp.swift */,
				84E8FF6B15CE267E9E192C55 /* Models */,
				F645EF7788EA8B3CD6534BA8 /* Utilities */,
				3314909FD17F3B348B8640F9 /* Views */,
			);
			path = PomodoroTimer;
			sourceTree = "<group>";
		};
/* End PBXGroup section */

/* Begin PBXNativeTarget section */
		D3EA4DC4EA6D9FE19630809C /* PomodoroTimer */ = {
			isa = PBXNativeTarget;
			buildConfigurationList = 9636B51DD74B9C958278E9B5 /* Build configuration list for PBXNativeTarget "PomodoroTimer" */;
			buildPhases = (
				6152AE08A481973F9EAEBA49 /* Sources */,
			);
			buildRules = (
			);
			dependencies = (
			);
			name = PomodoroTimer;
			packageProductDependencies = (
			);
			productName = PomodoroTimer;
			productReference = 8D4121038FE7FCFC70424658 /* PomodoroTimer.app */;
			productType = "com.apple.product-type.application";
		};
/* End PBXNativeTarget section */

/* Begin PBXProject section */
		BC466072418F248330B6ABAB /* Project object */ = {
			isa = PBXProject;
			attributes = {
				BuildIndependentTargetsInParallel = YES;
				LastUpgradeCheck = 1600;
			};
			buildConfigurationList = 72DEBE9849DC1358A21351B8 /* Build configuration list for PBXProject "PomodoroTimer" */;
			compatibilityVersion = "Xcode 14.0";
			developmentRegion = en;
			hasScannedForEncodings = 0;
			knownRegions = (
				Base,
				en,
			);
			mainGroup = B1509D76AE97DD1E3BC56FDF;
			minimizedProjectReferenceProxies = 1;
			preferredProjectObjectVersion = 77;
			projectDirPath = "";
			projectRoot = "";
			targets = (
				D3EA4DC4EA6D9FE19630809C /* PomodoroTimer */,
			);
		};
/* End PBXProject section */

/* Begin PBXSourcesBuildPhase section */
		6152AE08A481973F9EAEBA49 /* Sources */ = {
			isa = PBXSourcesBuildPhase;
			buildActionMask = 2147483647;
			files = (
				B7B7BB5782B5019ADCF6E289 /* ControlButtonsView.swift in Sources */,
				BC7360998E1C790E3B83B090 /* PomodoroTimerApp.swift in Sources */,
				A5BA01720A8093C0D7199AA1 /* Session.swift in Sources */,
				D0A195C2BE611CC517E7465B /* TimeFormatting.swift in Sources */,
				B529869B388744EA9AE0C2F9 /* TimerDisplayView.swift in Sources */,
				FE4EBF51A75F0C53B68635B2 /* TimerModel.swift in Sources */,
				C007C3B0CF881763552ED10B /* TimerPopoverView.swift in Sources */,
				20588BB71B1208534673C561 /* TimerState.swift in Sources */,
			);
			runOnlyForDeploymentPostprocessing = 0;
		};
/* End PBXSourcesBuildPhase section */

/* Begin XCBuildConfiguration section */
		1EEC62DEB0F75FF555E7BE94 /* Debug */ = {
			isa = XCBuildConfiguration;
			buildSettings = {
				ALWAYS_SEARCH_USER_PATHS = NO;
				CLANG_ANALYZER_NONNULL = YES;
				CLANG_ANALYZER_NUMBER_OBJECT_CONVERSION = YES_AGGRESSIVE;
				CLANG_CXX_LANGUAGE_STANDARD = "gnu++14";
				CLANG_CXX_LIBRARY = "libc++";
				CLANG_ENABLE_MODULES = YES;
				CLANG_ENABLE_OBJC_ARC = YES;
				CLANG_ENABLE_OBJC_WEAK = YES;
				CLANG_WARN_BLOCK_CAPTURE_AUTORELEASING = YES;
				CLANG_WARN_BOOL_CONVERSION = YES;
				CLANG_WARN_COMMA = YES;
				CLANG_WARN_CONSTANT_CONVERSION = YES;
				CLANG_WARN_DEPRECATED_OBJC_IMPLEMENTATIONS = YES;
				CLANG_WARN_DIRECT_OBJC_ISA_USAGE = YES_ERROR;
				CLANG_WARN_DOCUMENTATION_COMMENTS = YES;
				CLANG_WARN_EMPTY_BODY = YES;
				CLANG_WARN_ENUM_CONVERSION = YES;
				CLANG_WARN_INFINITE_RECURSION = YES;
				CLANG_WARN_INT_CONVERSION = YES;
				CLANG_WARN_NON_LITERAL_NULL_CONVERSION = YES;
				CLANG_WARN_OBJC_IMPLICIT_RETAIN_SELF = YES;
				CLANG_WARN_OBJC_LITERAL_CONVERSION = YES;
				CLANG_WARN_OBJC_ROOT_CLASS = YES_ERROR;
				CLANG_WARN_QUOTED_INCLUDE_IN_FRAMEWORK_HEADER = YES;
				CLANG_WARN_RANGE_LOOP_ANALYSIS = YES;
				CLANG_WARN_STRICT_PROTOTYPES = YES;
				CLANG_WARN_SUSPICIOUS_MOVE = YES;
				CLANG_WARN_UNGUARDED_AVAILABILITY = YES_AGGRESSIVE;
				CLANG_WARN_UNREACHABLE_CODE = YES;
				CLANG_WARN__DUPLICATE_METHOD_MATCH = YES;
				COPY_PHASE_STRIP = NO;
				DEBUG_INFORMATION_FORMAT = dwarf;
				ENABLE_STRICT_OBJC_MSGSEND = YES;
				ENABLE_TESTABILITY = YES;
				GCC_C_LANGUAGE_STANDARD = gnu11;
				GCC_DYNAMIC_NO_PIC = NO;
				GCC_NO_COMMON_BLOCKS = YES;
				GCC_OPTIMIZATION_LEVEL = 0;
				GCC_PREPROCESSOR_DEFINITIONS = (
					"$(inherited)",
					"DEBUG=1",
				);
				GCC_WARN_64_TO_32_BIT_CONVERSION = YES;
				GCC_WARN_ABOUT_RETURN_TYPE = YES_ERROR;
				GCC_WARN_UNDECLARED_SELECTOR = YES;
				GCC_WARN_UNINITIALIZED_AUTOS = YES_AGGRESSIVE;
				GCC_WARN_UNUSED_FUNCTION = YES;
				GCC_WARN_UNUSED_VARIABLE = YES;
				MACOSX_DEPLOYMENT_TARGET = 13.0;
				MTL_ENABLE_DEBUG_INFO = INCLUDE_SOURCE;
				MTL_FAST_MATH = YES;
				ONLY_ACTIVE_ARCH = YES;
				PRODUCT_NAME = "$(TARGET_NAME)";
				SDKROOT = macosx;
				SWIFT_ACTIVE_COMPILATION_CONDITIONS = DEBUG;
				SWIFT_OPTIMIZATION_LEVEL = "-Onone";
				SWIFT_VERSION = 6.0;
			};
			name = Debug;
		};
		66D6B0638F084A70DAB2B2BF /* Debug */ = {
			isa = XCBuildConfiguration;
			buildSettings = {
				ASSETCATALOG_COMPILER_APPICON_NAME = AppIcon;
				CODE_SIGN_ENTITLEMENTS = PomodoroTimer/PomodoroTimer.entitlements;
				COMBINE_HIDPI_IMAGES = YES;
				CURRENT_PROJECT_VERSION = 1;
				GENERATE_INFOPLIST_FILE = YES;
				INFOPLIST_KEY_LSUIElement = YES;
				LD_RUNPATH_SEARCH_PATHS = (
					"$(inherited)",
					"@executable_path/../Frameworks",
				);
				MARKETING_VERSION = 1.0.0;
				PRODUCT_BUNDLE_IDENTIFIER = com.shawnburant.PomodoroTimer;
				SDKROOT = macosx;
				SWIFT_STRICT_CONCURRENCY = complete;
			};
			name = Debug;
		};
		EA151A1EC3AA6085A06B12F9 /* Release */ = {
			isa = XCBuildConfiguration;
			buildSettings = {
				ASSETCATALOG_COMPILER_APPICON_NAME = AppIcon;
				CODE_SIGN_ENTITLEMENTS = PomodoroTimer/PomodoroTimer.entitlements;
				COMBINE_HIDPI_IMAGES = YES;
				CURRENT_PROJECT_VERSION = 1;
				GENERATE_INFOPLIST_FILE = YES;
				INFOPLIST_KEY_LSUIElement = YES;
				LD_RUNPATH_SEARCH_PATHS = (
					"$(inherited)",
					"@executable_path/../Frameworks",
				);
				MARKETING_VERSION = 1.0.0;
				PRODUCT_BUNDLE_IDENTIFIER = com.shawnburant.PomodoroTimer;
				SDKROOT = macosx;
				SWIFT_STRICT_CONCURRENCY = complete;
			};
			name = Release;
		};
		F490B55BBE9FF799A1F36985 /* Release */ = {
			isa = XCBuildConfiguration;
			buildSettings = {
				ALWAYS_SEARCH_USER_PATHS = NO;
				CLANG_ANALYZER_NONNULL = YES;
				CLANG_ANALYZER_NUMBER_OBJECT_CONVERSION = YES_AGGRESSIVE;
				CLANG_CXX_LANGUAGE_STANDARD = "gnu++14";
				CLANG_CXX_LIBRARY = "libc++";
				CLANG_ENABLE_MODULES = YES;
				CLANG_ENABLE_OBJC_ARC = YES;
				CLANG_ENABLE_OBJC_WEAK = YES;
				CLANG_WARN_BLOCK_CAPTURE_AUTORELEASING = YES;
				CLANG_WARN_BOOL_CONVERSION = YES;
				CLANG_WARN_COMMA = YES;
				CLANG_WARN_CONSTANT_CONVERSION = YES;
				CLANG_WARN_DEPRECATED_OBJC_IMPLEMENTATIONS = YES;
				CLANG_WARN_DIRECT_OBJC_ISA_USAGE = YES_ERROR;
				CLANG_WARN_DOCUMENTATION_COMMENTS = YES;
				CLANG_WARN_EMPTY_BODY = YES;
				CLANG_WARN_ENUM_CONVERSION = YES;
				CLANG_WARN_INFINITE_RECURSION = YES;
				CLANG_WARN_INT_CONVERSION = YES;
				CLANG_WARN_NON_LITERAL_NULL_CONVERSION = YES;
				CLANG_WARN_OBJC_IMPLICIT_RETAIN_SELF = YES;
				CLANG_WARN_OBJC_LITERAL_CONVERSION = YES;
				CLANG_WARN_OBJC_ROOT_CLASS = YES_ERROR;
				CLANG_WARN_QUOTED_INCLUDE_IN_FRAMEWORK_HEADER = YES;
				CLANG_WARN_RANGE_LOOP_ANALYSIS = YES;
				CLANG_WARN_STRICT_PROTOTYPES = YES;
				CLANG_WARN_SUSPICIOUS_MOVE = YES;
				CLANG_WARN_UNGUARDED_AVAILABILITY = YES_AGGRESSIVE;
				CLANG_WARN_UNREACHABLE_CODE = YES;
				CLANG_WARN__DUPLICATE_METHOD_MATCH = YES;
				COPY_PHASE_STRIP = NO;
				DEBUG_INFORMATION_FORMAT = "dwarf-with-dsym";
				ENABLE_NS_ASSERTIONS = NO;
				ENABLE_STRICT_OBJC_MSGSEND = YES;
				GCC_C_LANGUAGE_STANDARD = gnu11;
				GCC_NO_COMMON_BLOCKS = YES;
				GCC_WARN_64_TO_32_BIT_CONVERSION = YES;
				GCC_WARN_ABOUT_RETURN_TYPE = YES_ERROR;
				GCC_WARN_UNDECLARED_SELECTOR = YES;
				GCC_WARN_UNINITIALIZED_AUTOS = YES_AGGRESSIVE;
				GCC_WARN_UNUSED_FUNCTION = YES;
				GCC_WARN_UNUSED_VARIABLE = YES;
				MACOSX_DEPLOYMENT_TARGET = 13.0;
				MTL_ENABLE_DEBUG_INFO = NO;
				MTL_FAST_MATH = YES;
				PRODUCT_NAME = "$(TARGET_NAME)";
				SDKROOT = macosx;
				SWIFT_COMPILATION_MODE = wholemodule;
				SWIFT_OPTIMIZATION_LEVEL = "-O";
				SWIFT_VERSION = 6.0;
			};
			name = Release;
		};
/* End XCBuildConfiguration section */

/* Begin XCConfigurationList section */
		72DEBE9849DC1358A21351B8 /* Build configuration list for PBXProject "PomodoroTimer" */ = {
			isa = XCConfigurationList;
			buildConfigurations = (
				1EEC62DEB0F75FF555E7BE94 /* Debug */,
				F490B55BBE9FF799A1F36985 /* Release */,
			);
			defaultConfigurationIsVisible = 0;
			defaultConfigurationName = Debug;
		};
		9636B51DD74B9C958278E9B5 /* Build configuration list for PBXNativeTarget "PomodoroTimer" */ = {
			isa = XCConfigurationList;
			buildConfigurations = (
				66D6B0638F084A70DAB2B2BF /* Debug */,
				EA151A1EC3AA6085A06B12F9 /* Release */,
			);
			defaultConfigurationIsVisible = 0;
			defaultConfigurationName = Debug;
		};
/* End XCConfigurationList section */
	};
	rootObject = BC466072418F248330B6ABAB /* Project object */;
}
